
Microsoft Visual Studio Solution File, Format Version 12.00
# Visual Studio Version 16
VisualStudioVersion = 16.0.31005.135
MinimumVisualStudioVersion = 10.0.40219.1
Project("{FAE04EC0-301F-11D3-BF4B-00C04F79EFBC}") = "UserMaintenance", "UserMaintenance\UserMaintenance.csproj", "{0410631D-FE64-41F7-B686-8F438C41FDCE}"
EndProject
Global
	GlobalSection(SolutionConfigurationPlatforms) = preSolution
		Debug|Any CPU = Debug|Any CPU
		Release|Any CPU = Release|Any CPU
	EndGlobalSection
	GlobalSection(ProjectConfigurationPlatforms) = postSolution
		{0410631D-FE64-41F7-B686-8F438C41FDCE}.Debug|Any CPU.ActiveCfg = Debug|Any CPU
		{0410631D-FE64-41F7-B686-8F438C41FDCE}.Debug|Any CPU.Build.0 = Debug|Any CPU
		{0410631D-FE64-41F7-B686-8F438C41FDCE}.Release|Any CPU.ActiveCfg = Release|Any CPU
		{0410631D-FE64-41F7-B686-8F438C41FDCE}.Release|Any CPU.Build.0 = Release|Any CPU
	EndGlobalSection
	GlobalSection(SolutionProperties) = preSolution
		HideSolutionNode = FALSE
	EndGlobalSection
	GlobalSection(ExtensibilityGlobals) = postSolution
		SolutionGuid = {12954716-22DA-490D-93E2-EA34CEB862BD}
	EndGlobalSection
EndGlobal
