
Microsoft Visual Studio Solution File, Format Version 12.00
# Visual Studio Version 16
VisualStudioVersion = 16.0.31005.135
MinimumVisualStudioVersion = 10.0.40219.1
Project("{FAE04EC0-301F-11D3-BF4B-00C04F79EFBC}") = "ProgramTervezesiMintak_efo7kr", "ProgramTervezesiMintak_efo7kr\ProgramTervezesiMintak_efo7kr.csproj", "{C2F142EA-A950-4B76-85FB-10C9B5C13896}"
EndProject
Global
	GlobalSection(SolutionConfigurationPlatforms) = preSolution
		Debug|Any CPU = Debug|Any CPU
		Release|Any CPU = Release|Any CPU
	EndGlobalSection
	GlobalSection(ProjectConfigurationPlatforms) = postSolution
		{C2F142EA-A950-4B76-85FB-10C9B5C13896}.Debug|Any CPU.ActiveCfg = Debug|Any CPU
		{C2F142EA-A950-4B76-85FB-10C9B5C13896}.Debug|Any CPU.Build.0 = Debug|Any CPU
		{C2F142EA-A950-4B76-85FB-10C9B5C13896}.Release|Any CPU.ActiveCfg = Release|Any CPU
		{C2F142EA-A950-4B76-85FB-10C9B5C13896}.Release|Any CPU.Build.0 = Release|Any CPU
	EndGlobalSection
	GlobalSection(SolutionProperties) = preSolution
		HideSolutionNode = FALSE
	EndGlobalSection
	GlobalSection(ExtensibilityGlobals) = postSolution
		SolutionGuid = {09A34848-0C97-498B-8E29-80EB4B713C09}
	EndGlobalSection
EndGlobal
